<?xml version="1.0"?>
<!DOCTYPE Code::Blocks_project_file>
<Code::Blocks_project_file>
	<FileVersion major="1" minor="1"/>
	<Project>
		<Option title="dWidowFrame LIB"/>
		<Option makefile="Makefile"/>
		<Option makefile_is_custom="1"/>
		<Option compiler="0"/>
		<Build>
			<Target title="default">
				<Option output="..\..\dwindowframe.dll"/>
				<Option working_dir=".."/>
				<Option object_output=".objs"/>
				<Option deps_output=".deps"/>
				<Option external_deps=""/>
				<Option type="3"/>
				<Option compiler="0"/>
				<Option createStaticLib="1"/>
			</Target>
		</Build>
		<Compiler>
			<Add option="-DBUILD_DLL"/>
			<Add option="-DUNICODE"/>
			<Add option="-DQT_LARGEFILE_SUPPORT"/>
			<Add option="-DQT_DLL"/>
			<Add option="-DQT_NO_DEBUG"/>
			<Add option="-DQT_PLUGIN"/>
			<Add option="-DQT_CORE_LIB"/>
			<Add option="-DQT_GUI_LIB"/>
			<Add option="-DQT_THREAD_SUPPORT"/>
		</Compiler>
		<Unit filename="dpixmapbutton.cpp">
			<Option compilerVar="CPP"/>
			<Option target="default"/>
		</Unit>
		<Unit filename="dpixmapbutton.h">
			<Option compilerVar=""/>
			<Option compile="0"/>
			<Option link="0"/>
			<Option target="default"/>
		</Unit>
		<Unit filename="dpixmapbutton_moc.cpp">
			<Option compilerVar="CPP"/>
			<Option target="default"/>
		</Unit>
		<Unit filename="dpixmapview.cpp">
			<Option compilerVar="CPP"/>
			<Option target="default"/>
		</Unit>
		<Unit filename="dpixmapview.h">
			<Option compilerVar=""/>
			<Option compile="0"/>
			<Option link="0"/>
			<Option target="default"/>
		</Unit>
		<Unit filename="dwindowframe.cpp">
			<Option compilerVar="CPP"/>
			<Option target="default"/>
		</Unit>
		<Unit filename="dwindowframe.h">
			<Option compilerVar=""/>
			<Option compile="0"/>
			<Option link="0"/>
			<Option target="default"/>
		</Unit>
		<Unit filename="dwindowframe_moc.cpp">
			<Option compilerVar="CPP"/>
			<Option target="default"/>
		</Unit>
		<Unit filename="main.cpp">
			<Option compilerVar="CPP"/>
			<Option target="default"/>
		</Unit>
	</Project>
</Code::Blocks_project_file>
