<?xml version="1.0"?>
<!DOCTYPE Code::Blocks_project_file>
<Code::Blocks_project_file>
	<FileVersion major="1" minor="1"/>
	<Project>
		<Option title="dChat-free-EXE"/>
		<Option makefile="Makefile"/>
		<Option makefile_is_custom="0"/>
		<Option compiler="0"/>
		<Build>
			<Target title="release">
				<Option output="..\dchat.exe"/>
				<Option working_dir="..\"/>
				<Option object_output=".objs"/>
				<Option deps_output=".deps"/>
				<Option external_deps=""/>
				<Option type="0"/>
				<Option compiler="0"/>
				<Option projectResourceIncludeDirsRelation="0"/>
			</Target>
		</Build>
		<Linker>
			<Add library="D:\MyPROG\dChat\libdchat.a"/>
		</Linker>
		<Unit filename="main.cpp">
			<Option compilerVar="CPP"/>
			<Option target="release"/>
		</Unit>
	</Project>
</Code::Blocks_project_file>
